{
  "object": {
    "pins": [
      {
        "package": "SwiftyBeaver",
        "repositoryURL": "https://github.com/SwiftyBeaver/SwiftyBeaver.git",
        "state": {
          "branch": null,
          "revision": "725e6c355d3b0f6f623162029c0bb88630c10a20",
          "version": "1.6.0"
        }
      }
    ]
  },
  "version": 1
}
